
Microsoft Visual Studio Solution File, Format Version 12.00
# Visual Studio Version 16
VisualStudioVersion = 16.0.30717.126
MinimumVisualStudioVersion = 10.0.40219.1
Project("{9A19103F-16F7-4668-BE54-9A1E7A4F7556}") = "MessageBoard.API", "MessageBoard.API.csproj", "{FDD52E0E-111E-465F-94D3-08710E65A28E}"
EndProject
Project("{FAE04EC0-301F-11D3-BF4B-00C04F79EFBC}") = "MessageBoard.API.Tests", "..\MessageBoard.API.Tests\MessageBoard.API.Tests.csproj", "{15953116-AC96-44A0-8FE4-0D91C0F8651D}"
EndProject
Global
	GlobalSection(SolutionConfigurationPlatforms) = preSolution
		Debug|Any CPU = Debug|Any CPU
		Release|Any CPU = Release|Any CPU
	EndGlobalSection
	GlobalSection(ProjectConfigurationPlatforms) = postSolution
		{FDD52E0E-111E-465F-94D3-08710E65A28E}.Debug|Any CPU.ActiveCfg = Debug|Any CPU
		{FDD52E0E-111E-465F-94D3-08710E65A28E}.Debug|Any CPU.Build.0 = Debug|Any CPU
		{FDD52E0E-111E-465F-94D3-08710E65A28E}.Release|Any CPU.ActiveCfg = Release|Any CPU
		{FDD52E0E-111E-465F-94D3-08710E65A28E}.Release|Any CPU.Build.0 = Release|Any CPU
		{15953116-AC96-44A0-8FE4-0D91C0F8651D}.Debug|Any CPU.ActiveCfg = Debug|Any CPU
		{15953116-AC96-44A0-8FE4-0D91C0F8651D}.Debug|Any CPU.Build.0 = Debug|Any CPU
		{15953116-AC96-44A0-8FE4-0D91C0F8651D}.Release|Any CPU.ActiveCfg = Release|Any CPU
		{15953116-AC96-44A0-8FE4-0D91C0F8651D}.Release|Any CPU.Build.0 = Release|Any CPU
	EndGlobalSection
	GlobalSection(SolutionProperties) = preSolution
		HideSolutionNode = FALSE
	EndGlobalSection
	GlobalSection(ExtensibilityGlobals) = postSolution
		SolutionGuid = {8517EEF2-C883-4270-B843-E493673C86D3}
	EndGlobalSection
EndGlobal
